
Microsoft Visual Studio Solution File, Format Version 12.00
# Visual Studio Version 17
VisualStudioVersion = 17.13.35806.99 d17.13
MinimumVisualStudioVersion = 10.0.40219.1
Project("{FAE04EC0-301F-11D3-BF4B-00C04F79EFBC}") = "FoodManagementApp", "FoodManagementApp\FoodManagementApp.csproj", "{6A408261-D44D-47C0-AB84-99A2F24877CA}"
EndProject
Global
	GlobalSection(SolutionConfigurationPlatforms) = preSolution
		Debug|Any CPU = Debug|Any CPU
		Release|Any CPU = Release|Any CPU
	EndGlobalSection
	GlobalSection(ProjectConfigurationPlatforms) = postSolution
		{6A408261-D44D-47C0-AB84-99A2F24877CA}.Debug|Any CPU.ActiveCfg = Debug|Any CPU
		{6A408261-D44D-47C0-AB84-99A2F24877CA}.Debug|Any CPU.Build.0 = Debug|Any CPU
		{6A408261-D44D-47C0-AB84-99A2F24877CA}.Release|Any CPU.ActiveCfg = Release|Any CPU
		{6A408261-D44D-47C0-AB84-99A2F24877CA}.Release|Any CPU.Build.0 = Release|Any CPU
	EndGlobalSection
	GlobalSection(SolutionProperties) = preSolution
		HideSolutionNode = FALSE
	EndGlobalSection
	GlobalSection(ExtensibilityGlobals) = postSolution
		SolutionGuid = {DD28BA12-6E7D-4DD7-8B8E-B0B6B6E0C48B}
	EndGlobalSection
EndGlobal
